// !$*UTF8*$!
{
	archiveVersion = 1;
	classes = {
	};
	objectVersion = 55;
	objects = {

/* Begin PBXBuildFile section */
		1083F0322885790800D0224F /* AppDelegate.swift in Sources */ = {isa = PBXBuildFile; fileRef = 1083F0312885790800D0224F /* AppDelegate.swift */; };
		1083F0342885790800D0224F /* SceneDelegate.swift in Sources */ = {isa = PBXBuildFile; fileRef = 1083F0332885790800D0224F /* SceneDelegate.swift */; };
		1083F0362885790800D0224F /* ViewController.swift in Sources */ = {isa = PBXBuildFile; fileRef = 1083F0352885790800D0224F /* ViewController.swift */; };
		1083F0392885790800D0224F /* Main.storyboard in Resources */ = {isa = PBXBuildFile; fileRef = 1083F0372885790800D0224F /* Main.storyboard */; };
		1083F03B2885790900D0224F /* Assets.xcassets in Resources */ = {isa = PBXBuildFile; fileRef = 1083F03A2885790900D0224F /* Assets.xcassets */; };
		1083F03E2885790900D0224F /* LaunchScreen.storyboard in Resources */ = {isa = PBXBuildFile; fileRef = 1083F03C2885790900D0224F /* LaunchScreen.storyboard */; };
		1083F04B28857A4100D0224F /* asdfg.jpg in Resources */ = {isa = PBXBuildFile; fileRef = 1083F04628857A4100D0224F /* asdfg.jpg */; };
		1083F04C28857A4100D0224F /* tall.webp in Resources */ = {isa = PBXBuildFile; fileRef = 1083F04728857A4100D0224F /* tall.webp */; };
		1083F04D28857A4100D0224F /* qwer.jpeg in Resources */ = {isa = PBXBuildFile; fileRef = 1083F04828857A4100D0224F /* qwer.jpeg */; };
		1083F04E28857A4100D0224F /* thumbnail2.jpeg in Resources */ = {isa = PBXBuildFile; fileRef = 1083F04928857A4100D0224F /* thumbnail2.jpeg */; };
		1083F04F28857A4100D0224F /* zxcv.webp in Resources */ = {isa = PBXBuildFile; fileRef = 1083F04A28857A4100D0224F /* zxcv.webp */; };
/* End PBXBuildFile section */

/* Begin PBXFileReference section */
		1083F02E2885790800D0224F /* PickerView.app */ = {isa = PBXFileReference; explicitFileType = wrapper.application; includeInIndex = 0; path = PickerView.app; sourceTree = BUILT_PRODUCTS_DIR; };
		1083F0312885790800D0224F /* AppDelegate.swift */ = {isa = PBXFileReference; lastKnownFileType = sourcecode.swift; path = AppDelegate.swift; sourceTree = "<group>"; };
		1083F0332885790800D0224F /* SceneDelegate.swift */ = {isa = PBXFileReference; lastKnownFileType = sourcecode.swift; path = SceneDelegate.swift; sourceTree = "<group>"; };
		1083F0352885790800D0224F /* ViewController.swift */ = {isa = PBXFileReference; lastKnownFileType = sourcecode.swift; path = ViewController.swift; sourceTree = "<group>"; };
		1083F0382885790800D0224F /* Base */ = {isa = PBXFileReference; lastKnownFileType = file.storyboard; name = Base; path = Base.lproj/Main.storyboard; sourceTree = "<group>"; };
		1083F03A2885790900D0224F /* Assets.xcassets */ = {isa = PBXFileReference; lastKnownFileType = folder.assetcatalog; path = Assets.xcassets; sourceTree = "<group>"; };
		1083F03D2885790900D0224F /* Base */ = {isa = PBXFileReference; lastKnownFileType = file.storyboard; name = Base; path = Base.lproj/LaunchScreen.storyboard; sourceTree = "<group>"; };
		1083F03F2885790900D0224F /* Info.plist */ = {isa = PBXFileReference; lastKnownFileType = text.plist.xml; path = Info.plist; sourceTree = "<group>"; };
		1083F04628857A4100D0224F /* asdfg.jpg */ = {isa = PBXFileReference; lastKnownFileType = image.jpeg; path = asdfg.jpg; sourceTree = "<group>"; };
		1083F04728857A4100D0224F /* tall.webp */ = {isa = PBXFileReference; lastKnownFileType = file; path = tall.webp; sourceTree = "<group>"; };
		1083F04828857A4100D0224F /* qwer.jpeg */ = {isa = PBXFileReference; lastKnownFileType = image.jpeg; path = qwer.jpeg; sourceTree = "<group>"; };
		1083F04928857A4100D0224F /* thumbnail2.jpeg */ = {isa = PBXFileReference; lastKnownFileType = image.jpeg; path = thumbnail2.jpeg; sourceTree = "<group>"; };
		1083F04A28857A4100D0224F /* zxcv.webp */ = {isa = PBXFileReference; lastKnownFileType = file; path = zxcv.webp; sourceTree = "<group>"; };
/* End PBXFileReference section */

/* Begin PBXFrameworksBuildPhase section */
		1083F02B2885790800D0224F /* Frameworks */ = {
			isa = PBXFrameworksBuildPhase;
			buildActionMask = 2147483647;
			files = (
			);
			runOnlyForDeploymentPostprocessing = 0;
		};
/* End PBXFrameworksBuildPhase section */

/* Begin PBXGroup section */
		1083F0252885790800D0224F = {
			isa = PBXGroup;
			children = (
				1083F0302885790800D0224F /* PickerView */,
				1083F02F2885790800D0224F /* Products */,
			);
			sourceTree = "<group>";
		};
		1083F02F2885790800D0224F /* Products */ = {
			isa = PBXGroup;
			children = (
				1083F02E2885790800D0224F /* PickerView.app */,
			);
			name = Products;
			sourceTree = "<group>";
		};
		1083F0302885790800D0224F /* PickerView */ = {
			isa = PBXGroup;
			children = (
				1083F04528857A1900D0224F /* images */,
				1083F0312885790800D0224F /* AppDelegate.swift */,
				1083F0332885790800D0224F /* SceneDelegate.swift */,
				1083F0352885790800D0224F /* ViewController.swift */,
				1083F0372885790800D0224F /* Main.storyboard */,
				1083F03A2885790900D0224F /* Assets.xcassets */,
				1083F03C2885790900D0224F /* LaunchScreen.storyboard */,
				1083F03F2885790900D0224F /* Info.plist */,
			);
			path = PickerView;
			sourceTree = "<group>";
		};
		1083F04528857A1900D0224F /* images */ = {
			isa = PBXGroup;
			children = (
				1083F04628857A4100D0224F /* asdfg.jpg */,
				1083F04828857A4100D0224F /* qwer.jpeg */,
				1083F04728857A4100D0224F /* tall.webp */,
				1083F04928857A4100D0224F /* thumbnail2.jpeg */,
				1083F04A28857A4100D0224F /* zxcv.webp */,
			);
			path = images;
			sourceTree = "<group>";
		};
/* End PBXGroup section */

/* Begin PBXNativeTarget section */
		1083F02D2885790800D0224F /* PickerView */ = {
			isa = PBXNativeTarget;
			buildConfigurationList = 1083F0422885790900D0224F /* Build configuration list for PBXNativeTarget "PickerView" */;
			buildPhases = (
				1083F02A2885790800D0224F /* Sources */,
				1083F02B2885790800D0224F /* Frameworks */,
				1083F02C2885790800D0224F /* Resources */,
			);
			buildRules = (
			);
			dependencies = (
			);
			name = PickerView;
			productName = PickerView;
			productReference = 1083F02E2885790800D0224F /* PickerView.app */;
			productType = "com.apple.product-type.application";
		};
/* End PBXNativeTarget section */

/* Begin PBXProject section */
		1083F0262885790800D0224F /* Project object */ = {
			isa = PBXProject;
			attributes = {
				BuildIndependentTargetsInParallel = 1;
				LastSwiftUpdateCheck = 1340;
				LastUpgradeCheck = 1340;
				TargetAttributes = {
					1083F02D2885790800D0224F = {
						CreatedOnToolsVersion = 13.4.1;
					};
				};
			};
			buildConfigurationList = 1083F0292885790800D0224F /* Build configuration list for PBXProject "PickerView" */;
			compatibilityVersion = "Xcode 13.0";
			developmentRegion = en;
			hasScannedForEncodings = 0;
			knownRegions = (
				en,
				Base,
			);
			mainGroup = 1083F0252885790800D0224F;
			productRefGroup = 1083F02F2885790800D0224F /* Products */;
			projectDirPath = "";
			projectRoot = "";
			targets = (
				1083F02D2885790800D0224F /* PickerView */,
			);
		};
/* End PBXProject section */

/* Begin PBXResourcesBuildPhase section */
		1083F02C2885790800D0224F /* Resources */ = {
			isa = PBXResourcesBuildPhase;
			buildActionMask = 2147483647;
			files = (
				1083F04F28857A4100D0224F /* zxcv.webp in Resources */,
				1083F03E2885790900D0224F /* LaunchScreen.storyboard in Resources */,
				1083F04B28857A4100D0224F /* asdfg.jpg in Resources */,
				1083F04D28857A4100D0224F /* qwer.jpeg in Resources */,
				1083F03B2885790900D0224F /* Assets.xcassets in Resources */,
				1083F04E28857A4100D0224F /* thumbnail2.jpeg in Resources */,
				1083F0392885790800D0224F /* Main.storyboard in Resources */,
				1083F04C28857A4100D0224F /* tall.webp in Resources */,
			);
			runOnlyForDeploymentPostprocessing = 0;
		};
/* End PBXResourcesBuildPhase section */

/* Begin PBXSourcesBuildPhase section */
		1083F02A2885790800D0224F /* Sources */ = {
			isa = PBXSourcesBuildPhase;
			buildActionMask = 2147483647;
			files = (
				1083F0362885790800D0224F /* ViewController.swift in Sources */,
				1083F0322885790800D0224F /* AppDelegate.swift in Sources */,
				1083F0342885790800D0224F /* SceneDelegate.swift in Sources */,
			);
			runOnlyForDeploymentPostprocessing = 0;
		};
/* End PBXSourcesBuildPhase section */

/* Begin PBXVariantGroup section */
		1083F0372885790800D0224F /* Main.storyboard */ = {
			isa = PBXVariantGroup;
			children = (
				1083F0382885790800D0224F /* Base */,
			);
			name = Main.storyboard;
			sourceTree = "<group>";
		};
		1083F03C2885790900D0224F /* LaunchScreen.storyboard */ = {
			isa = PBXVariantGroup;
			children = (
				1083F03D2885790900D0224F /* Base */,
			);
			name = LaunchScreen.storyboard;
			sourceTree = "<group>";
		};
/* End PBXVariantGroup section */

/* Begin XCBuildConfiguration section */
		1083F0402885790900D0224F /* Debug */ = {
			isa = XCBuildConfiguration;
			buildSettings = {
				ALWAYS_SEARCH_USER_PATHS = NO;
				CLANG_ANALYZER_NONNULL = YES;
				CLANG_ANALYZER_NUMBER_OBJECT_CONVERSION = YES_AGGRESSIVE;
				CLANG_CXX_LANGUAGE_STANDARD = "gnu++17";
				CLANG_ENABLE_MODULES = YES;
				CLANG_ENABLE_OBJC_ARC = YES;
				CLANG_ENABLE_OBJC_WEAK = YES;
				CLANG_WARN_BLOCK_CAPTURE_AUTORELEASING = YES;
				CLANG_WARN_BOOL_CONVERSION = YES;
				CLANG_WARN_COMMA = YES;
				CLANG_WARN_CONSTANT_CONVERSION = YES;
				CLANG_WARN_DEPRECATED_OBJC_IMPLEMENTATIONS = YES;
				CLANG_WARN_DIRECT_OBJC_ISA_USAGE = YES_ERROR;
				CLANG_WARN_DOCUMENTATION_COMMENTS = YES;
				CLANG_WARN_EMPTY_BODY = YES;
				CLANG_WARN_ENUM_CONVERSION = YES;
				CLANG_WARN_INFINITE_RECURSION = YES;
				CLANG_WARN_INT_CONVERSION = YES;
				CLANG_WARN_NON_LITERAL_NULL_CONVERSION = YES;
				CLANG_WARN_OBJC_IMPLICIT_RETAIN_SELF = YES;
				CLANG_WARN_OBJC_LITERAL_CONVERSION = YES;
				CLANG_WARN_OBJC_ROOT_CLASS = YES_ERROR;
				CLANG_WARN_QUOTED_INCLUDE_IN_FRAMEWORK_HEADER = YES;
				CLANG_WARN_RANGE_LOOP_ANALYSIS = YES;
				CLANG_WARN_STRICT_PROTOTYPES = YES;
				CLANG_WARN_SUSPICIOUS_MOVE = YES;
				CLANG_WARN_UNGUARDED_AVAILABILITY = YES_AGGRESSIVE;
				CLANG_WARN_UNREACHABLE_CODE = YES;
				CLANG_WARN__DUPLICATE_METHOD_MATCH = YES;
				COPY_PHASE_STRIP = NO;
				DEBUG_INFORMATION_FORMAT = dwarf;
				ENABLE_STRICT_OBJC_MSGSEND = YES;
				ENABLE_TESTABILITY = YES;
				GCC_C_LANGUAGE_STANDARD = gnu11;
				GCC_DYNAMIC_NO_PIC = NO;
				GCC_NO_COMMON_BLOCKS = YES;
				GCC_OPTIMIZATION_LEVEL = 0;
				GCC_PREPROCESSOR_DEFINITIONS = (
					"DEBUG=1",
					"$(inherited)",
				);
				GCC_WARN_64_TO_32_BIT_CONVERSION = YES;
				GCC_WARN_ABOUT_RETURN_TYPE = YES_ERROR;
				GCC_WARN_UNDECLARED_SELECTOR = YES;
				GCC_WARN_UNINITIALIZED_AUTOS = YES_AGGRESSIVE;
				GCC_WARN_UNUSED_FUNCTION = YES;
				GCC_WARN_UNUSED_VARIABLE = YES;
				IPHONEOS_DEPLOYMENT_TARGET = 15.5;
				MTL_ENABLE_DEBUG_INFO = INCLUDE_SOURCE;
				MTL_FAST_MATH = YES;
				ONLY_ACTIVE_ARCH = YES;
				SDKROOT = iphoneos;
				SWIFT_ACTIVE_COMPILATION_CONDITIONS = DEBUG;
				SWIFT_OPTIMIZATION_LEVEL = "-Onone";
			};
			name = Debug;
		};
		1083F0412885790900D0224F /* Release */ = {
			isa = XCBuildConfiguration;
			buildSettings = {
				ALWAYS_SEARCH_USER_PATHS = NO;
				CLANG_ANALYZER_NONNULL = YES;
				CLANG_ANALYZER_NUMBER_OBJECT_CONVERSION = YES_AGGRESSIVE;
				CLANG_CXX_LANGUAGE_STANDARD = "gnu++17";
				CLANG_ENABLE_MODULES = YES;
				CLANG_ENABLE_OBJC_ARC = YES;
				CLANG_ENABLE_OBJC_WEAK = YES;
				CLANG_WARN_BLOCK_CAPTURE_AUTORELEASING = YES;
				CLANG_WARN_BOOL_CONVERSION = YES;
				CLANG_WARN_COMMA = YES;
				CLANG_WARN_CONSTANT_CONVERSION = YES;
				CLANG_WARN_DEPRECATED_OBJC_IMPLEMENTATIONS = YES;
				CLANG_WARN_DIRECT_OBJC_ISA_USAGE = YES_ERROR;
				CLANG_WARN_DOCUMENTATION_COMMENTS = YES;
				CLANG_WARN_EMPTY_BODY = YES;
				CLANG_WARN_ENUM_CONVERSION = YES;
				CLANG_WARN_INFINITE_RECURSION = YES;
				CLANG_WARN_INT_CONVERSION = YES;
				CLANG_WARN_NON_LITERAL_NULL_CONVERSION = YES;
				CLANG_WARN_OBJC_IMPLICIT_RETAIN_SELF = YES;
				CLANG_WARN_OBJC_LITERAL_CONVERSION = YES;
				CLANG_WARN_OBJC_ROOT_CLASS = YES_ERROR;
				CLANG_WARN_QUOTED_INCLUDE_IN_FRAMEWORK_HEADER = YES;
				CLANG_WARN_RANGE_LOOP_ANALYSIS = YES;
				CLANG_WARN_STRICT_PROTOTYPES = YES;
				CLANG_WARN_SUSPICIOUS_MOVE = YES;
				CLANG_WARN_UNGUARDED_AVAILABILITY = YES_AGGRESSIVE;
				CLANG_WARN_UNREACHABLE_CODE = YES;
				CLANG_WARN__DUPLICATE_METHOD_MATCH = YES;
				COPY_PHASE_STRIP = NO;
				DEBUG_INFORMATION_FORMAT = "dwarf-with-dsym";
				ENABLE_NS_ASSERTIONS = NO;
				ENABLE_STRICT_OBJC_MSGSEND = YES;
				GCC_C_LANGUAGE_STANDARD = gnu11;
				GCC_NO_COMMON_BLOCKS = YES;
				GCC_WARN_64_TO_32_BIT_CONVERSION = YES;
				GCC_WARN_ABOUT_RETURN_TYPE = YES_ERROR;
				GCC_WARN_UNDECLARED_SELECTOR = YES;
				GCC_WARN_UNINITIALIZED_AUTOS = YES_AGGRESSIVE;
				GCC_WARN_UNUSED_FUNCTION = YES;
				GCC_WARN_UNUSED_VARIABLE = YES;
				IPHONEOS_DEPLOYMENT_TARGET = 15.5;
				MTL_ENABLE_DEBUG_INFO = NO;
				MTL_FAST_MATH = YES;
				SDKROOT = iphoneos;
				SWIFT_COMPILATION_MODE = wholemodule;
				SWIFT_OPTIMIZATION_LEVEL = "-O";
				VALIDATE_PRODUCT = YES;
			};
			name = Release;
		};
		1083F0432885790900D0224F /* Debug */ = {
			isa = XCBuildConfiguration;
			buildSettings = {
				ASSETCATALOG_COMPILER_APPICON_NAME = AppIcon;
				ASSETCATALOG_COMPILER_GLOBAL_ACCENT_COLOR_NAME = AccentColor;
				CODE_SIGN_STYLE = Automatic;
				CURRENT_PROJECT_VERSION = 1;
				DEVELOPMENT_TEAM = 7425535F6V;
				GENERATE_INFOPLIST_FILE = YES;
				INFOPLIST_FILE = PickerView/Info.plist;
				INFOPLIST_KEY_UIApplicationSupportsIndirectInputEvents = YES;
				INFOPLIST_KEY_UILaunchStoryboardName = LaunchScreen;
				INFOPLIST_KEY_UIMainStoryboardFile = Main;
				INFOPLIST_KEY_UISupportedInterfaceOrientations_iPad = "UIInterfaceOrientationPortrait UIInterfaceOrientationPortraitUpsideDown UIInterfaceOrientationLandscapeLeft UIInterfaceOrientationLandscapeRight";
				INFOPLIST_KEY_UISupportedInterfaceOrientations_iPhone = "UIInterfaceOrientationPortrait UIInterfaceOrientationLandscapeLeft UIInterfaceOrientationLandscapeRight";
				LD_RUNPATH_SEARCH_PATHS = (
					"$(inherited)",
					"@executable_path/Frameworks",
				);
				MARKETING_VERSION = 1.0;
				PRODUCT_BUNDLE_IDENTIFIER = com.hong.PickerView;
				PRODUCT_NAME = "$(TARGET_NAME)";
				SWIFT_EMIT_LOC_STRINGS = YES;
				SWIFT_VERSION = 5.0;
				TARGETED_DEVICE_FAMILY = "1,2";
			};
			name = Debug;
		};
		1083F0442885790900D0224F /* Release */ = {
			isa = XCBuildConfiguration;
			buildSettings = {
				ASSETCATALOG_COMPILER_APPICON_NAME = AppIcon;
				ASSETCATALOG_COMPILER_GLOBAL_ACCENT_COLOR_NAME = AccentColor;
				CODE_SIGN_STYLE = Automatic;
				CURRENT_PROJECT_VERSION = 1;
				DEVELOPMENT_TEAM = 7425535F6V;
				GENERATE_INFOPLIST_FILE = YES;
				INFOPLIST_FILE = PickerView/Info.plist;
				INFOPLIST_KEY_UIApplicationSupportsIndirectInputEvents = YES;
				INFOPLIST_KEY_UILaunchStoryboardName = LaunchScreen;
				INFOPLIST_KEY_UIMainStoryboardFile = Main;
				INFOPLIST_KEY_UISupportedInterfaceOrientations_iPad = "UIInterfaceOrientationPortrait UIInterfaceOrientationPortraitUpsideDown UIInterfaceOrientationLandscapeLeft UIInterfaceOrientationLandscapeRight";
				INFOPLIST_KEY_UISupportedInterfaceOrientations_iPhone = "UIInterfaceOrientationPortrait UIInterfaceOrientationLandscapeLeft UIInterfaceOrientationLandscapeRight";
				LD_RUNPATH_SEARCH_PATHS = (
					"$(inherited)",
					"@executable_path/Frameworks",
				);
				MARKETING_VERSION = 1.0;
				PRODUCT_BUNDLE_IDENTIFIER = com.hong.PickerView;
				PRODUCT_NAME = "$(TARGET_NAME)";
				SWIFT_EMIT_LOC_STRINGS = YES;
				SWIFT_VERSION = 5.0;
				TARGETED_DEVICE_FAMILY = "1,2";
			};
			name = Release;
		};
/* End XCBuildConfiguration section */

/* Begin XCConfigurationList section */
		1083F0292885790800D0224F /* Build configuration list for PBXProject "PickerView" */ = {
			isa = XCConfigurationList;
			buildConfigurations = (
				1083F0402885790900D0224F /* Debug */,
				1083F0412885790900D0224F /* Release */,
			);
			defaultConfigurationIsVisible = 0;
			defaultConfigurationName = Release;
		};
		1083F0422885790900D0224F /* Build configuration list for PBXNativeTarget "PickerView" */ = {
			isa = XCConfigurationList;
			buildConfigurations = (
				1083F0432885790900D0224F /* Debug */,
				1083F0442885790900D0224F /* Release */,
			);
			defaultConfigurationIsVisible = 0;
			defaultConfigurationName = Release;
		};
/* End XCConfigurationList section */
	};
	rootObject = 1083F0262885790800D0224F /* Project object */;
}
