// !$*UTF8*$!
{
	archiveVersion = 1;
	classes = {
	};
	objectVersion = 55;
	objects = {

/* Begin PBXBuildFile section */
		1010A7162893ED8500DEB4A8 /* bar.png in Resources */ = {isa = PBXBuildFile; fileRef = 1010A7152893ED8500DEB4A8 /* bar.png */; };
		1010A71D2893F0BB00DEB4A8 /* naver3.jpeg in Resources */ = {isa = PBXBuildFile; fileRef = 1010A7182893F0BB00DEB4A8 /* naver3.jpeg */; };
		1010A71E2893F0BC00DEB4A8 /* naver2.jpeg in Resources */ = {isa = PBXBuildFile; fileRef = 1010A7192893F0BB00DEB4A8 /* naver2.jpeg */; };
		1010A71F2893F0BC00DEB4A8 /* 윈드브레이커.jpeg in Resources */ = {isa = PBXBuildFile; fileRef = 1010A71A2893F0BB00DEB4A8 /* 윈드브레이커.jpeg */; };
		1010A7202893F0BC00DEB4A8 /* 화산귀환.jpeg in Resources */ = {isa = PBXBuildFile; fileRef = 1010A71B2893F0BB00DEB4A8 /* 화산귀환.jpeg */; };
		1010A7212893F0BC00DEB4A8 /* naver1.jpeg in Resources */ = {isa = PBXBuildFile; fileRef = 1010A71C2893F0BB00DEB4A8 /* naver1.jpeg */; };
		1010A7292893F13A00DEB4A8 /* naver9.jpeg in Resources */ = {isa = PBXBuildFile; fileRef = 1010A7222893F13900DEB4A8 /* naver9.jpeg */; };
		1010A72A2893F13A00DEB4A8 /* naver8.jpeg in Resources */ = {isa = PBXBuildFile; fileRef = 1010A7232893F13A00DEB4A8 /* naver8.jpeg */; };
		1010A72B2893F13A00DEB4A8 /* naver11.jpeg in Resources */ = {isa = PBXBuildFile; fileRef = 1010A7242893F13A00DEB4A8 /* naver11.jpeg */; };
		1010A72C2893F13A00DEB4A8 /* naver10.jpeg in Resources */ = {isa = PBXBuildFile; fileRef = 1010A7252893F13A00DEB4A8 /* naver10.jpeg */; };
		1010A72D2893F13A00DEB4A8 /* 투신전생기.jpeg in Resources */ = {isa = PBXBuildFile; fileRef = 1010A7262893F13A00DEB4A8 /* 투신전생기.jpeg */; };
		1010A72E2893F13A00DEB4A8 /* naver12.jpeg in Resources */ = {isa = PBXBuildFile; fileRef = 1010A7272893F13A00DEB4A8 /* naver12.jpeg */; };
		1010A72F2893F13A00DEB4A8 /* 장씨세가 호위무사.jpeg in Resources */ = {isa = PBXBuildFile; fileRef = 1010A7282893F13A00DEB4A8 /* 장씨세가 호위무사.jpeg */; };
		1010A7322893F4AA00DEB4A8 /* profile.png in Resources */ = {isa = PBXBuildFile; fileRef = 1010A7312893F4AA00DEB4A8 /* profile.png */; };
		1010A73428940C0300DEB4A8 /* MyCollectionViewCell2.swift in Sources */ = {isa = PBXBuildFile; fileRef = 1010A73328940C0300DEB4A8 /* MyCollectionViewCell2.swift */; };
		1010A7362894109100DEB4A8 /* MyCollectionViewCell3.swift in Sources */ = {isa = PBXBuildFile; fileRef = 1010A7352894109100DEB4A8 /* MyCollectionViewCell3.swift */; };
		104CF24B289584410071098A /* MyCollectionViewCell4.swift in Sources */ = {isa = PBXBuildFile; fileRef = 104CF24A289584410071098A /* MyCollectionViewCell4.swift */; };
		104CF24D289584900071098A /* MyCollectionViewCell5.swift in Sources */ = {isa = PBXBuildFile; fileRef = 104CF24C289584900071098A /* MyCollectionViewCell5.swift */; };
		1061CFD32893CE030001CF64 /* tag4.png in Resources */ = {isa = PBXBuildFile; fileRef = 1061CFCF2893CE030001CF64 /* tag4.png */; };
		1061CFD42893CE030001CF64 /* tag2.png in Resources */ = {isa = PBXBuildFile; fileRef = 1061CFD02893CE030001CF64 /* tag2.png */; };
		1061CFD52893CE030001CF64 /* tag1.png in Resources */ = {isa = PBXBuildFile; fileRef = 1061CFD12893CE030001CF64 /* tag1.png */; };
		1061CFD62893CE030001CF64 /* tag3.png in Resources */ = {isa = PBXBuildFile; fileRef = 1061CFD22893CE030001CF64 /* tag3.png */; };
		108AA7932893AD5100D42097 /* NanumSquareRoundR.ttf in Resources */ = {isa = PBXBuildFile; fileRef = 108AA78F2893AD5100D42097 /* NanumSquareRoundR.ttf */; };
		108AA7942893AD5100D42097 /* NanumSquareRoundL.ttf in Resources */ = {isa = PBXBuildFile; fileRef = 108AA7902893AD5100D42097 /* NanumSquareRoundL.ttf */; };
		108AA7952893AD5100D42097 /* NanumSquareRoundEB.ttf in Resources */ = {isa = PBXBuildFile; fileRef = 108AA7912893AD5100D42097 /* NanumSquareRoundEB.ttf */; };
		108AA7962893AD5100D42097 /* NanumSquareRoundB.ttf in Resources */ = {isa = PBXBuildFile; fileRef = 108AA7922893AD5100D42097 /* NanumSquareRoundB.ttf */; };
		108E15FF2897FC6C0071B733 /* userRecommend.swift in Sources */ = {isa = PBXBuildFile; fileRef = 108E15FE2897FC6C0071B733 /* userRecommend.swift */; };
		10B5A3F228937A97003B64EC /* AppDelegate.swift in Sources */ = {isa = PBXBuildFile; fileRef = 10B5A3F128937A97003B64EC /* AppDelegate.swift */; };
		10B5A3F428937A97003B64EC /* SceneDelegate.swift in Sources */ = {isa = PBXBuildFile; fileRef = 10B5A3F328937A97003B64EC /* SceneDelegate.swift */; };
		10B5A3F628937A97003B64EC /* ViewController.swift in Sources */ = {isa = PBXBuildFile; fileRef = 10B5A3F528937A97003B64EC /* ViewController.swift */; };
		10B5A3F928937A97003B64EC /* Main.storyboard in Resources */ = {isa = PBXBuildFile; fileRef = 10B5A3F728937A97003B64EC /* Main.storyboard */; };
		10B5A3FB28937A98003B64EC /* Assets.xcassets in Resources */ = {isa = PBXBuildFile; fileRef = 10B5A3FA28937A98003B64EC /* Assets.xcassets */; };
		10B5A3FE28937A98003B64EC /* LaunchScreen.storyboard in Resources */ = {isa = PBXBuildFile; fileRef = 10B5A3FC28937A98003B64EC /* LaunchScreen.storyboard */; };
		10B877E2289414FD0053B2D4 /* MyCollectionViewCell1.swift in Sources */ = {isa = PBXBuildFile; fileRef = 10B877E1289414FD0053B2D4 /* MyCollectionViewCell1.swift */; };
/* End PBXBuildFile section */

/* Begin PBXFileReference section */
		1010A7152893ED8500DEB4A8 /* bar.png */ = {isa = PBXFileReference; lastKnownFileType = image.png; path = bar.png; sourceTree = "<group>"; };
		1010A7182893F0BB00DEB4A8 /* naver3.jpeg */ = {isa = PBXFileReference; lastKnownFileType = image.jpeg; path = naver3.jpeg; sourceTree = "<group>"; };
		1010A7192893F0BB00DEB4A8 /* naver2.jpeg */ = {isa = PBXFileReference; lastKnownFileType = image.jpeg; path = naver2.jpeg; sourceTree = "<group>"; };
		1010A71A2893F0BB00DEB4A8 /* 윈드브레이커.jpeg */ = {isa = PBXFileReference; lastKnownFileType = image.jpeg; path = "윈드브레이커.jpeg"; sourceTree = "<group>"; };
		1010A71B2893F0BB00DEB4A8 /* 화산귀환.jpeg */ = {isa = PBXFileReference; lastKnownFileType = image.jpeg; path = "화산귀환.jpeg"; sourceTree = "<group>"; };
		1010A71C2893F0BB00DEB4A8 /* naver1.jpeg */ = {isa = PBXFileReference; lastKnownFileType = image.jpeg; path = naver1.jpeg; sourceTree = "<group>"; };
		1010A7222893F13900DEB4A8 /* naver9.jpeg */ = {isa = PBXFileReference; lastKnownFileType = image.jpeg; path = naver9.jpeg; sourceTree = "<group>"; };
		1010A7232893F13A00DEB4A8 /* naver8.jpeg */ = {isa = PBXFileReference; lastKnownFileType = image.jpeg; path = naver8.jpeg; sourceTree = "<group>"; };
		1010A7242893F13A00DEB4A8 /* naver11.jpeg */ = {isa = PBXFileReference; lastKnownFileType = image.jpeg; path = naver11.jpeg; sourceTree = "<group>"; };
		1010A7252893F13A00DEB4A8 /* naver10.jpeg */ = {isa = PBXFileReference; lastKnownFileType = image.jpeg; path = naver10.jpeg; sourceTree = "<group>"; };
		1010A7262893F13A00DEB4A8 /* 투신전생기.jpeg */ = {isa = PBXFileReference; lastKnownFileType = image.jpeg; path = "투신전생기.jpeg"; sourceTree = "<group>"; };
		1010A7272893F13A00DEB4A8 /* naver12.jpeg */ = {isa = PBXFileReference; lastKnownFileType = image.jpeg; path = naver12.jpeg; sourceTree = "<group>"; };
		1010A7282893F13A00DEB4A8 /* 장씨세가 호위무사.jpeg */ = {isa = PBXFileReference; lastKnownFileType = image.jpeg; path = "장씨세가 호위무사.jpeg"; sourceTree = "<group>"; };
		1010A7312893F4AA00DEB4A8 /* profile.png */ = {isa = PBXFileReference; lastKnownFileType = image.png; path = profile.png; sourceTree = "<group>"; };
		1010A73328940C0300DEB4A8 /* MyCollectionViewCell2.swift */ = {isa = PBXFileReference; lastKnownFileType = sourcecode.swift; path = MyCollectionViewCell2.swift; sourceTree = "<group>"; };
		1010A7352894109100DEB4A8 /* MyCollectionViewCell3.swift */ = {isa = PBXFileReference; lastKnownFileType = sourcecode.swift; path = MyCollectionViewCell3.swift; sourceTree = "<group>"; };
		104CF24A289584410071098A /* MyCollectionViewCell4.swift */ = {isa = PBXFileReference; lastKnownFileType = sourcecode.swift; path = MyCollectionViewCell4.swift; sourceTree = "<group>"; };
		104CF24C289584900071098A /* MyCollectionViewCell5.swift */ = {isa = PBXFileReference; lastKnownFileType = sourcecode.swift; path = MyCollectionViewCell5.swift; sourceTree = "<group>"; };
		1061CFCF2893CE030001CF64 /* tag4.png */ = {isa = PBXFileReference; lastKnownFileType = image.png; path = tag4.png; sourceTree = "<group>"; };
		1061CFD02893CE030001CF64 /* tag2.png */ = {isa = PBXFileReference; lastKnownFileType = image.png; path = tag2.png; sourceTree = "<group>"; };
		1061CFD12893CE030001CF64 /* tag1.png */ = {isa = PBXFileReference; lastKnownFileType = image.png; path = tag1.png; sourceTree = "<group>"; };
		1061CFD22893CE030001CF64 /* tag3.png */ = {isa = PBXFileReference; lastKnownFileType = image.png; path = tag3.png; sourceTree = "<group>"; };
		108AA78F2893AD5100D42097 /* NanumSquareRoundR.ttf */ = {isa = PBXFileReference; lastKnownFileType = file; path = NanumSquareRoundR.ttf; sourceTree = "<group>"; };
		108AA7902893AD5100D42097 /* NanumSquareRoundL.ttf */ = {isa = PBXFileReference; lastKnownFileType = file; path = NanumSquareRoundL.ttf; sourceTree = "<group>"; };
		108AA7912893AD5100D42097 /* NanumSquareRoundEB.ttf */ = {isa = PBXFileReference; lastKnownFileType = file; path = NanumSquareRoundEB.ttf; sourceTree = "<group>"; };
		108AA7922893AD5100D42097 /* NanumSquareRoundB.ttf */ = {isa = PBXFileReference; lastKnownFileType = file; path = NanumSquareRoundB.ttf; sourceTree = "<group>"; };
		108E15FE2897FC6C0071B733 /* userRecommend.swift */ = {isa = PBXFileReference; lastKnownFileType = sourcecode.swift; path = userRecommend.swift; sourceTree = "<group>"; };
		10B5A3EE28937A97003B64EC /* Main1.app */ = {isa = PBXFileReference; explicitFileType = wrapper.application; includeInIndex = 0; path = Main1.app; sourceTree = BUILT_PRODUCTS_DIR; };
		10B5A3F128937A97003B64EC /* AppDelegate.swift */ = {isa = PBXFileReference; lastKnownFileType = sourcecode.swift; path = AppDelegate.swift; sourceTree = "<group>"; };
		10B5A3F328937A97003B64EC /* SceneDelegate.swift */ = {isa = PBXFileReference; lastKnownFileType = sourcecode.swift; path = SceneDelegate.swift; sourceTree = "<group>"; };
		10B5A3F528937A97003B64EC /* ViewController.swift */ = {isa = PBXFileReference; lastKnownFileType = sourcecode.swift; path = ViewController.swift; sourceTree = "<group>"; };
		10B5A3F828937A97003B64EC /* Base */ = {isa = PBXFileReference; lastKnownFileType = file.storyboard; name = Base; path = Base.lproj/Main.storyboard; sourceTree = "<group>"; };
		10B5A3FA28937A98003B64EC /* Assets.xcassets */ = {isa = PBXFileReference; lastKnownFileType = folder.assetcatalog; path = Assets.xcassets; sourceTree = "<group>"; };
		10B5A3FD28937A98003B64EC /* Base */ = {isa = PBXFileReference; lastKnownFileType = file.storyboard; name = Base; path = Base.lproj/LaunchScreen.storyboard; sourceTree = "<group>"; };
		10B5A3FF28937A98003B64EC /* Info.plist */ = {isa = PBXFileReference; lastKnownFileType = text.plist.xml; path = Info.plist; sourceTree = "<group>"; };
		10B877E1289414FD0053B2D4 /* MyCollectionViewCell1.swift */ = {isa = PBXFileReference; lastKnownFileType = sourcecode.swift; path = MyCollectionViewCell1.swift; sourceTree = "<group>"; };
/* End PBXFileReference section */

/* Begin PBXFrameworksBuildPhase section */
		10B5A3EB28937A97003B64EC /* Frameworks */ = {
			isa = PBXFrameworksBuildPhase;
			buildActionMask = 2147483647;
			files = (
			);
			runOnlyForDeploymentPostprocessing = 0;
		};
/* End PBXFrameworksBuildPhase section */

/* Begin PBXGroup section */
		1010A7172893F08000DEB4A8 /* naverThumbnail */ = {
			isa = PBXGroup;
			children = (
				1010A71C2893F0BB00DEB4A8 /* naver1.jpeg */,
				1010A7192893F0BB00DEB4A8 /* naver2.jpeg */,
				1010A7182893F0BB00DEB4A8 /* naver3.jpeg */,
				1010A71A2893F0BB00DEB4A8 /* 윈드브레이커.jpeg */,
				1010A71B2893F0BB00DEB4A8 /* 화산귀환.jpeg */,
				1010A7262893F13A00DEB4A8 /* 투신전생기.jpeg */,
				1010A7282893F13A00DEB4A8 /* 장씨세가 호위무사.jpeg */,
				1010A7232893F13A00DEB4A8 /* naver8.jpeg */,
				1010A7222893F13900DEB4A8 /* naver9.jpeg */,
				1010A7252893F13A00DEB4A8 /* naver10.jpeg */,
				1010A7242893F13A00DEB4A8 /* naver11.jpeg */,
				1010A7272893F13A00DEB4A8 /* naver12.jpeg */,
			);
			path = naverThumbnail;
			sourceTree = "<group>";
		};
		1010A7302893F49900DEB4A8 /* profile */ = {
			isa = PBXGroup;
			children = (
				1010A7312893F4AA00DEB4A8 /* profile.png */,
			);
			path = profile;
			sourceTree = "<group>";
		};
		1061CFCE2893CDE20001CF64 /* tagImage */ = {
			isa = PBXGroup;
			children = (
				1010A7152893ED8500DEB4A8 /* bar.png */,
				1061CFD12893CE030001CF64 /* tag1.png */,
				1061CFD02893CE030001CF64 /* tag2.png */,
				1061CFD22893CE030001CF64 /* tag3.png */,
				1061CFCF2893CE030001CF64 /* tag4.png */,
			);
			path = tagImage;
			sourceTree = "<group>";
		};
		108AA78E2893AD4200D42097 /* Font */ = {
			isa = PBXGroup;
			children = (
				108AA7922893AD5100D42097 /* NanumSquareRoundB.ttf */,
				108AA7912893AD5100D42097 /* NanumSquareRoundEB.ttf */,
				108AA7902893AD5100D42097 /* NanumSquareRoundL.ttf */,
				108AA78F2893AD5100D42097 /* NanumSquareRoundR.ttf */,
			);
			path = Font;
			sourceTree = "<group>";
		};
		10B5A3E528937A97003B64EC = {
			isa = PBXGroup;
			children = (
				108AA78E2893AD4200D42097 /* Font */,
				10B5A3F028937A97003B64EC /* Main1 */,
				10B5A3EF28937A97003B64EC /* Products */,
			);
			sourceTree = "<group>";
		};
		10B5A3EF28937A97003B64EC /* Products */ = {
			isa = PBXGroup;
			children = (
				10B5A3EE28937A97003B64EC /* Main1.app */,
			);
			name = Products;
			sourceTree = "<group>";
		};
		10B5A3F028937A97003B64EC /* Main1 */ = {
			isa = PBXGroup;
			children = (
				1010A7302893F49900DEB4A8 /* profile */,
				1010A7172893F08000DEB4A8 /* naverThumbnail */,
				1061CFCE2893CDE20001CF64 /* tagImage */,
				10B5A3F128937A97003B64EC /* AppDelegate.swift */,
				10B5A3F328937A97003B64EC /* SceneDelegate.swift */,
				10B5A3F528937A97003B64EC /* ViewController.swift */,
				108E15FE2897FC6C0071B733 /* userRecommend.swift */,
				10B5A3F728937A97003B64EC /* Main.storyboard */,
				104CF24C289584900071098A /* MyCollectionViewCell5.swift */,
				104CF24A289584410071098A /* MyCollectionViewCell4.swift */,
				10B877E1289414FD0053B2D4 /* MyCollectionViewCell1.swift */,
				1010A73328940C0300DEB4A8 /* MyCollectionViewCell2.swift */,
				1010A7352894109100DEB4A8 /* MyCollectionViewCell3.swift */,
				10B5A3FA28937A98003B64EC /* Assets.xcassets */,
				10B5A3FC28937A98003B64EC /* LaunchScreen.storyboard */,
				10B5A3FF28937A98003B64EC /* Info.plist */,
			);
			path = Main1;
			sourceTree = "<group>";
		};
/* End PBXGroup section */

/* Begin PBXNativeTarget section */
		10B5A3ED28937A97003B64EC /* Main1 */ = {
			isa = PBXNativeTarget;
			buildConfigurationList = 10B5A40228937A98003B64EC /* Build configuration list for PBXNativeTarget "Main1" */;
			buildPhases = (
				10B5A3EA28937A97003B64EC /* Sources */,
				10B5A3EB28937A97003B64EC /* Frameworks */,
				10B5A3EC28937A97003B64EC /* Resources */,
			);
			buildRules = (
			);
			dependencies = (
			);
			name = Main1;
			productName = Main1;
			productReference = 10B5A3EE28937A97003B64EC /* Main1.app */;
			productType = "com.apple.product-type.application";
		};
/* End PBXNativeTarget section */

/* Begin PBXProject section */
		10B5A3E628937A97003B64EC /* Project object */ = {
			isa = PBXProject;
			attributes = {
				BuildIndependentTargetsInParallel = 1;
				LastSwiftUpdateCheck = 1340;
				LastUpgradeCheck = 1340;
				TargetAttributes = {
					10B5A3ED28937A97003B64EC = {
						CreatedOnToolsVersion = 13.4.1;
					};
				};
			};
			buildConfigurationList = 10B5A3E928937A97003B64EC /* Build configuration list for PBXProject "Main1" */;
			compatibilityVersion = "Xcode 13.0";
			developmentRegion = en;
			hasScannedForEncodings = 0;
			knownRegions = (
				en,
				Base,
			);
			mainGroup = 10B5A3E528937A97003B64EC;
			productRefGroup = 10B5A3EF28937A97003B64EC /* Products */;
			projectDirPath = "";
			projectRoot = "";
			targets = (
				10B5A3ED28937A97003B64EC /* Main1 */,
			);
		};
/* End PBXProject section */

/* Begin PBXResourcesBuildPhase section */
		10B5A3EC28937A97003B64EC /* Resources */ = {
			isa = PBXResourcesBuildPhase;
			buildActionMask = 2147483647;
			files = (
				1010A7292893F13A00DEB4A8 /* naver9.jpeg in Resources */,
				1010A72D2893F13A00DEB4A8 /* 투신전생기.jpeg in Resources */,
				1010A7202893F0BC00DEB4A8 /* 화산귀환.jpeg in Resources */,
				10B5A3FE28937A98003B64EC /* LaunchScreen.storyboard in Resources */,
				1010A72A2893F13A00DEB4A8 /* naver8.jpeg in Resources */,
				108AA7952893AD5100D42097 /* NanumSquareRoundEB.ttf in Resources */,
				1010A72E2893F13A00DEB4A8 /* naver12.jpeg in Resources */,
				1061CFD42893CE030001CF64 /* tag2.png in Resources */,
				1010A72C2893F13A00DEB4A8 /* naver10.jpeg in Resources */,
				1010A7162893ED8500DEB4A8 /* bar.png in Resources */,
				1061CFD62893CE030001CF64 /* tag3.png in Resources */,
				1010A71E2893F0BC00DEB4A8 /* naver2.jpeg in Resources */,
				108AA7962893AD5100D42097 /* NanumSquareRoundB.ttf in Resources */,
				1061CFD32893CE030001CF64 /* tag4.png in Resources */,
				10B5A3FB28937A98003B64EC /* Assets.xcassets in Resources */,
				1061CFD52893CE030001CF64 /* tag1.png in Resources */,
				1010A71D2893F0BB00DEB4A8 /* naver3.jpeg in Resources */,
				1010A72B2893F13A00DEB4A8 /* naver11.jpeg in Resources */,
				1010A7322893F4AA00DEB4A8 /* profile.png in Resources */,
				1010A72F2893F13A00DEB4A8 /* 장씨세가 호위무사.jpeg in Resources */,
				10B5A3F928937A97003B64EC /* Main.storyboard in Resources */,
				1010A71F2893F0BC00DEB4A8 /* 윈드브레이커.jpeg in Resources */,
				108AA7932893AD5100D42097 /* NanumSquareRoundR.ttf in Resources */,
				108AA7942893AD5100D42097 /* NanumSquareRoundL.ttf in Resources */,
				1010A7212893F0BC00DEB4A8 /* naver1.jpeg in Resources */,
			);
			runOnlyForDeploymentPostprocessing = 0;
		};
/* End PBXResourcesBuildPhase section */

/* Begin PBXSourcesBuildPhase section */
		10B5A3EA28937A97003B64EC /* Sources */ = {
			isa = PBXSourcesBuildPhase;
			buildActionMask = 2147483647;
			files = (
				104CF24D289584900071098A /* MyCollectionViewCell5.swift in Sources */,
				1010A7362894109100DEB4A8 /* MyCollectionViewCell3.swift in Sources */,
				10B5A3F628937A97003B64EC /* ViewController.swift in Sources */,
				104CF24B289584410071098A /* MyCollectionViewCell4.swift in Sources */,
				10B877E2289414FD0053B2D4 /* MyCollectionViewCell1.swift in Sources */,
				1010A73428940C0300DEB4A8 /* MyCollectionViewCell2.swift in Sources */,
				10B5A3F228937A97003B64EC /* AppDelegate.swift in Sources */,
				10B5A3F428937A97003B64EC /* SceneDelegate.swift in Sources */,
				108E15FF2897FC6C0071B733 /* userRecommend.swift in Sources */,
			);
			runOnlyForDeploymentPostprocessing = 0;
		};
/* End PBXSourcesBuildPhase section */

/* Begin PBXVariantGroup section */
		10B5A3F728937A97003B64EC /* Main.storyboard */ = {
			isa = PBXVariantGroup;
			children = (
				10B5A3F828937A97003B64EC /* Base */,
			);
			name = Main.storyboard;
			sourceTree = "<group>";
		};
		10B5A3FC28937A98003B64EC /* LaunchScreen.storyboard */ = {
			isa = PBXVariantGroup;
			children = (
				10B5A3FD28937A98003B64EC /* Base */,
			);
			name = LaunchScreen.storyboard;
			sourceTree = "<group>";
		};
/* End PBXVariantGroup section */

/* Begin XCBuildConfiguration section */
		10B5A40028937A98003B64EC /* Debug */ = {
			isa = XCBuildConfiguration;
			buildSettings = {
				ALWAYS_SEARCH_USER_PATHS = NO;
				CLANG_ANALYZER_NONNULL = YES;
				CLANG_ANALYZER_NUMBER_OBJECT_CONVERSION = YES_AGGRESSIVE;
				CLANG_CXX_LANGUAGE_STANDARD = "gnu++17";
				CLANG_ENABLE_MODULES = YES;
				CLANG_ENABLE_OBJC_ARC = YES;
				CLANG_ENABLE_OBJC_WEAK = YES;
				CLANG_WARN_BLOCK_CAPTURE_AUTORELEASING = YES;
				CLANG_WARN_BOOL_CONVERSION = YES;
				CLANG_WARN_COMMA = YES;
				CLANG_WARN_CONSTANT_CONVERSION = YES;
				CLANG_WARN_DEPRECATED_OBJC_IMPLEMENTATIONS = YES;
				CLANG_WARN_DIRECT_OBJC_ISA_USAGE = YES_ERROR;
				CLANG_WARN_DOCUMENTATION_COMMENTS = YES;
				CLANG_WARN_EMPTY_BODY = YES;
				CLANG_WARN_ENUM_CONVERSION = YES;
				CLANG_WARN_INFINITE_RECURSION = YES;
				CLANG_WARN_INT_CONVERSION = YES;
				CLANG_WARN_NON_LITERAL_NULL_CONVERSION = YES;
				CLANG_WARN_OBJC_IMPLICIT_RETAIN_SELF = YES;
				CLANG_WARN_OBJC_LITERAL_CONVERSION = YES;
				CLANG_WARN_OBJC_ROOT_CLASS = YES_ERROR;
				CLANG_WARN_QUOTED_INCLUDE_IN_FRAMEWORK_HEADER = YES;
				CLANG_WARN_RANGE_LOOP_ANALYSIS = YES;
				CLANG_WARN_STRICT_PROTOTYPES = YES;
				CLANG_WARN_SUSPICIOUS_MOVE = YES;
				CLANG_WARN_UNGUARDED_AVAILABILITY = YES_AGGRESSIVE;
				CLANG_WARN_UNREACHABLE_CODE = YES;
				CLANG_WARN__DUPLICATE_METHOD_MATCH = YES;
				COPY_PHASE_STRIP = NO;
				DEBUG_INFORMATION_FORMAT = dwarf;
				ENABLE_STRICT_OBJC_MSGSEND = YES;
				ENABLE_TESTABILITY = YES;
				GCC_C_LANGUAGE_STANDARD = gnu11;
				GCC_DYNAMIC_NO_PIC = NO;
				GCC_NO_COMMON_BLOCKS = YES;
				GCC_OPTIMIZATION_LEVEL = 0;
				GCC_PREPROCESSOR_DEFINITIONS = (
					"DEBUG=1",
					"$(inherited)",
				);
				GCC_WARN_64_TO_32_BIT_CONVERSION = YES;
				GCC_WARN_ABOUT_RETURN_TYPE = YES_ERROR;
				GCC_WARN_UNDECLARED_SELECTOR = YES;
				GCC_WARN_UNINITIALIZED_AUTOS = YES_AGGRESSIVE;
				GCC_WARN_UNUSED_FUNCTION = YES;
				GCC_WARN_UNUSED_VARIABLE = YES;
				IPHONEOS_DEPLOYMENT_TARGET = 15.5;
				MTL_ENABLE_DEBUG_INFO = INCLUDE_SOURCE;
				MTL_FAST_MATH = YES;
				ONLY_ACTIVE_ARCH = YES;
				SDKROOT = iphoneos;
				SWIFT_ACTIVE_COMPILATION_CONDITIONS = DEBUG;
				SWIFT_OPTIMIZATION_LEVEL = "-Onone";
			};
			name = Debug;
		};
		10B5A40128937A98003B64EC /* Release */ = {
			isa = XCBuildConfiguration;
			buildSettings = {
				ALWAYS_SEARCH_USER_PATHS = NO;
				CLANG_ANALYZER_NONNULL = YES;
				CLANG_ANALYZER_NUMBER_OBJECT_CONVERSION = YES_AGGRESSIVE;
				CLANG_CXX_LANGUAGE_STANDARD = "gnu++17";
				CLANG_ENABLE_MODULES = YES;
				CLANG_ENABLE_OBJC_ARC = YES;
				CLANG_ENABLE_OBJC_WEAK = YES;
				CLANG_WARN_BLOCK_CAPTURE_AUTORELEASING = YES;
				CLANG_WARN_BOOL_CONVERSION = YES;
				CLANG_WARN_COMMA = YES;
				CLANG_WARN_CONSTANT_CONVERSION = YES;
				CLANG_WARN_DEPRECATED_OBJC_IMPLEMENTATIONS = YES;
				CLANG_WARN_DIRECT_OBJC_ISA_USAGE = YES_ERROR;
				CLANG_WARN_DOCUMENTATION_COMMENTS = YES;
				CLANG_WARN_EMPTY_BODY = YES;
				CLANG_WARN_ENUM_CONVERSION = YES;
				CLANG_WARN_INFINITE_RECURSION = YES;
				CLANG_WARN_INT_CONVERSION = YES;
				CLANG_WARN_NON_LITERAL_NULL_CONVERSION = YES;
				CLANG_WARN_OBJC_IMPLICIT_RETAIN_SELF = YES;
				CLANG_WARN_OBJC_LITERAL_CONVERSION = YES;
				CLANG_WARN_OBJC_ROOT_CLASS = YES_ERROR;
				CLANG_WARN_QUOTED_INCLUDE_IN_FRAMEWORK_HEADER = YES;
				CLANG_WARN_RANGE_LOOP_ANALYSIS = YES;
				CLANG_WARN_STRICT_PROTOTYPES = YES;
				CLANG_WARN_SUSPICIOUS_MOVE = YES;
				CLANG_WARN_UNGUARDED_AVAILABILITY = YES_AGGRESSIVE;
				CLANG_WARN_UNREACHABLE_CODE = YES;
				CLANG_WARN__DUPLICATE_METHOD_MATCH = YES;
				COPY_PHASE_STRIP = NO;
				DEBUG_INFORMATION_FORMAT = "dwarf-with-dsym";
				ENABLE_NS_ASSERTIONS = NO;
				ENABLE_STRICT_OBJC_MSGSEND = YES;
				GCC_C_LANGUAGE_STANDARD = gnu11;
				GCC_NO_COMMON_BLOCKS = YES;
				GCC_WARN_64_TO_32_BIT_CONVERSION = YES;
				GCC_WARN_ABOUT_RETURN_TYPE = YES_ERROR;
				GCC_WARN_UNDECLARED_SELECTOR = YES;
				GCC_WARN_UNINITIALIZED_AUTOS = YES_AGGRESSIVE;
				GCC_WARN_UNUSED_FUNCTION = YES;
				GCC_WARN_UNUSED_VARIABLE = YES;
				IPHONEOS_DEPLOYMENT_TARGET = 15.5;
				MTL_ENABLE_DEBUG_INFO = NO;
				MTL_FAST_MATH = YES;
				SDKROOT = iphoneos;
				SWIFT_COMPILATION_MODE = wholemodule;
				SWIFT_OPTIMIZATION_LEVEL = "-O";
				VALIDATE_PRODUCT = YES;
			};
			name = Release;
		};
		10B5A40328937A98003B64EC /* Debug */ = {
			isa = XCBuildConfiguration;
			buildSettings = {
				ASSETCATALOG_COMPILER_APPICON_NAME = AppIcon;
				ASSETCATALOG_COMPILER_GLOBAL_ACCENT_COLOR_NAME = AccentColor;
				CODE_SIGN_STYLE = Automatic;
				CURRENT_PROJECT_VERSION = 1;
				DEVELOPMENT_TEAM = 7425535F6V;
				GENERATE_INFOPLIST_FILE = YES;
				INFOPLIST_FILE = Main1/Info.plist;
				INFOPLIST_KEY_UIApplicationSupportsIndirectInputEvents = YES;
				INFOPLIST_KEY_UILaunchStoryboardName = LaunchScreen;
				INFOPLIST_KEY_UIMainStoryboardFile = Main;
				INFOPLIST_KEY_UISupportedInterfaceOrientations_iPad = "UIInterfaceOrientationPortrait UIInterfaceOrientationPortraitUpsideDown UIInterfaceOrientationLandscapeLeft UIInterfaceOrientationLandscapeRight";
				INFOPLIST_KEY_UISupportedInterfaceOrientations_iPhone = "UIInterfaceOrientationPortrait UIInterfaceOrientationLandscapeLeft UIInterfaceOrientationLandscapeRight";
				LD_RUNPATH_SEARCH_PATHS = (
					"$(inherited)",
					"@executable_path/Frameworks",
				);
				MARKETING_VERSION = 1.0;
				PRODUCT_BUNDLE_IDENTIFIER = com.hong.Main1;
				PRODUCT_NAME = "$(TARGET_NAME)";
				SWIFT_EMIT_LOC_STRINGS = YES;
				SWIFT_VERSION = 5.0;
				TARGETED_DEVICE_FAMILY = "1,2";
			};
			name = Debug;
		};
		10B5A40428937A98003B64EC /* Release */ = {
			isa = XCBuildConfiguration;
			buildSettings = {
				ASSETCATALOG_COMPILER_APPICON_NAME = AppIcon;
				ASSETCATALOG_COMPILER_GLOBAL_ACCENT_COLOR_NAME = AccentColor;
				CODE_SIGN_STYLE = Automatic;
				CURRENT_PROJECT_VERSION = 1;
				DEVELOPMENT_TEAM = 7425535F6V;
				GENERATE_INFOPLIST_FILE = YES;
				INFOPLIST_FILE = Main1/Info.plist;
				INFOPLIST_KEY_UIApplicationSupportsIndirectInputEvents = YES;
				INFOPLIST_KEY_UILaunchStoryboardName = LaunchScreen;
				INFOPLIST_KEY_UIMainStoryboardFile = Main;
				INFOPLIST_KEY_UISupportedInterfaceOrientations_iPad = "UIInterfaceOrientationPortrait UIInterfaceOrientationPortraitUpsideDown UIInterfaceOrientationLandscapeLeft UIInterfaceOrientationLandscapeRight";
				INFOPLIST_KEY_UISupportedInterfaceOrientations_iPhone = "UIInterfaceOrientationPortrait UIInterfaceOrientationLandscapeLeft UIInterfaceOrientationLandscapeRight";
				LD_RUNPATH_SEARCH_PATHS = (
					"$(inherited)",
					"@executable_path/Frameworks",
				);
				MARKETING_VERSION = 1.0;
				PRODUCT_BUNDLE_IDENTIFIER = com.hong.Main1;
				PRODUCT_NAME = "$(TARGET_NAME)";
				SWIFT_EMIT_LOC_STRINGS = YES;
				SWIFT_VERSION = 5.0;
				TARGETED_DEVICE_FAMILY = "1,2";
			};
			name = Release;
		};
/* End XCBuildConfiguration section */

/* Begin XCConfigurationList section */
		10B5A3E928937A97003B64EC /* Build configuration list for PBXProject "Main1" */ = {
			isa = XCConfigurationList;
			buildConfigurations = (
				10B5A40028937A98003B64EC /* Debug */,
				10B5A40128937A98003B64EC /* Release */,
			);
			defaultConfigurationIsVisible = 0;
			defaultConfigurationName = Release;
		};
		10B5A40228937A98003B64EC /* Build configuration list for PBXNativeTarget "Main1" */ = {
			isa = XCConfigurationList;
			buildConfigurations = (
				10B5A40328937A98003B64EC /* Debug */,
				10B5A40428937A98003B64EC /* Release */,
			);
			defaultConfigurationIsVisible = 0;
			defaultConfigurationName = Release;
		};
/* End XCConfigurationList section */
	};
	rootObject = 10B5A3E628937A97003B64EC /* Project object */;
}
