// !$*UTF8*$!
{
	archiveVersion = 1;
	classes = {
	};
	objectVersion = 55;
	objects = {

/* Begin PBXBuildFile section */
		100026A22886F1BD002BEE01 /* AppDelegate.swift in Sources */ = {isa = PBXBuildFile; fileRef = 100026A12886F1BD002BEE01 /* AppDelegate.swift */; };
		100026A42886F1BD002BEE01 /* SceneDelegate.swift in Sources */ = {isa = PBXBuildFile; fileRef = 100026A32886F1BD002BEE01 /* SceneDelegate.swift */; };
		100026A62886F1BD002BEE01 /* ViewController.swift in Sources */ = {isa = PBXBuildFile; fileRef = 100026A52886F1BD002BEE01 /* ViewController.swift */; };
		100026A92886F1BD002BEE01 /* Main.storyboard in Resources */ = {isa = PBXBuildFile; fileRef = 100026A72886F1BD002BEE01 /* Main.storyboard */; };
		100026AB2886F1C0002BEE01 /* Assets.xcassets in Resources */ = {isa = PBXBuildFile; fileRef = 100026AA2886F1C0002BEE01 /* Assets.xcassets */; };
		100026AE2886F1C0002BEE01 /* LaunchScreen.storyboard in Resources */ = {isa = PBXBuildFile; fileRef = 100026AC2886F1C0002BEE01 /* LaunchScreen.storyboard */; };
		10569FA0288854C000A525BC /* BannerCell.swift in Sources */ = {isa = PBXBuildFile; fileRef = 10569F9F288854C000A525BC /* BannerCell.swift */; };
		10FE60D1288855C70043D8F6 /* bannerimg3.png in Resources */ = {isa = PBXBuildFile; fileRef = 10FE60CD288855C70043D8F6 /* bannerimg3.png */; };
		10FE60D2288855C70043D8F6 /* bannerimg1.jpeg in Resources */ = {isa = PBXBuildFile; fileRef = 10FE60CE288855C70043D8F6 /* bannerimg1.jpeg */; };
		10FE60D3288855C70043D8F6 /* bannerimg4.jpeg in Resources */ = {isa = PBXBuildFile; fileRef = 10FE60CF288855C70043D8F6 /* bannerimg4.jpeg */; };
		10FE60D4288855C70043D8F6 /* bannerimg2.png in Resources */ = {isa = PBXBuildFile; fileRef = 10FE60D0288855C70043D8F6 /* bannerimg2.png */; };
/* End PBXBuildFile section */

/* Begin PBXFileReference section */
		1000269E2886F1BD002BEE01 /* FrontTest.app */ = {isa = PBXFileReference; explicitFileType = wrapper.application; includeInIndex = 0; path = FrontTest.app; sourceTree = BUILT_PRODUCTS_DIR; };
		100026A12886F1BD002BEE01 /* AppDelegate.swift */ = {isa = PBXFileReference; lastKnownFileType = sourcecode.swift; path = AppDelegate.swift; sourceTree = "<group>"; };
		100026A32886F1BD002BEE01 /* SceneDelegate.swift */ = {isa = PBXFileReference; lastKnownFileType = sourcecode.swift; path = SceneDelegate.swift; sourceTree = "<group>"; };
		100026A52886F1BD002BEE01 /* ViewController.swift */ = {isa = PBXFileReference; lastKnownFileType = sourcecode.swift; path = ViewController.swift; sourceTree = "<group>"; };
		100026A82886F1BD002BEE01 /* Base */ = {isa = PBXFileReference; lastKnownFileType = file.storyboard; name = Base; path = Base.lproj/Main.storyboard; sourceTree = "<group>"; };
		100026AA2886F1C0002BEE01 /* Assets.xcassets */ = {isa = PBXFileReference; lastKnownFileType = folder.assetcatalog; path = Assets.xcassets; sourceTree = "<group>"; };
		100026AD2886F1C0002BEE01 /* Base */ = {isa = PBXFileReference; lastKnownFileType = file.storyboard; name = Base; path = Base.lproj/LaunchScreen.storyboard; sourceTree = "<group>"; };
		100026AF2886F1C0002BEE01 /* Info.plist */ = {isa = PBXFileReference; lastKnownFileType = text.plist.xml; path = Info.plist; sourceTree = "<group>"; };
		10569F9F288854C000A525BC /* BannerCell.swift */ = {isa = PBXFileReference; lastKnownFileType = sourcecode.swift; path = BannerCell.swift; sourceTree = "<group>"; };
		10FE60CD288855C70043D8F6 /* bannerimg3.png */ = {isa = PBXFileReference; lastKnownFileType = image.png; path = bannerimg3.png; sourceTree = "<group>"; };
		10FE60CE288855C70043D8F6 /* bannerimg1.jpeg */ = {isa = PBXFileReference; lastKnownFileType = image.jpeg; path = bannerimg1.jpeg; sourceTree = "<group>"; };
		10FE60CF288855C70043D8F6 /* bannerimg4.jpeg */ = {isa = PBXFileReference; lastKnownFileType = image.jpeg; path = bannerimg4.jpeg; sourceTree = "<group>"; };
		10FE60D0288855C70043D8F6 /* bannerimg2.png */ = {isa = PBXFileReference; lastKnownFileType = image.png; path = bannerimg2.png; sourceTree = "<group>"; };
/* End PBXFileReference section */

/* Begin PBXFrameworksBuildPhase section */
		1000269B2886F1BD002BEE01 /* Frameworks */ = {
			isa = PBXFrameworksBuildPhase;
			buildActionMask = 2147483647;
			files = (
			);
			runOnlyForDeploymentPostprocessing = 0;
		};
/* End PBXFrameworksBuildPhase section */

/* Begin PBXGroup section */
		100026952886F1BD002BEE01 = {
			isa = PBXGroup;
			children = (
				100026A02886F1BD002BEE01 /* FrontTest */,
				1000269F2886F1BD002BEE01 /* Products */,
			);
			sourceTree = "<group>";
		};
		1000269F2886F1BD002BEE01 /* Products */ = {
			isa = PBXGroup;
			children = (
				1000269E2886F1BD002BEE01 /* FrontTest.app */,
			);
			name = Products;
			sourceTree = "<group>";
		};
		100026A02886F1BD002BEE01 /* FrontTest */ = {
			isa = PBXGroup;
			children = (
				10FE60CC288855BD0043D8F6 /* img */,
				100026A12886F1BD002BEE01 /* AppDelegate.swift */,
				100026A32886F1BD002BEE01 /* SceneDelegate.swift */,
				100026A52886F1BD002BEE01 /* ViewController.swift */,
				100026A72886F1BD002BEE01 /* Main.storyboard */,
				10569F9F288854C000A525BC /* BannerCell.swift */,
				100026AA2886F1C0002BEE01 /* Assets.xcassets */,
				100026AC2886F1C0002BEE01 /* LaunchScreen.storyboard */,
				100026AF2886F1C0002BEE01 /* Info.plist */,
			);
			path = FrontTest;
			sourceTree = "<group>";
		};
		10FE60CC288855BD0043D8F6 /* img */ = {
			isa = PBXGroup;
			children = (
				10FE60CE288855C70043D8F6 /* bannerimg1.jpeg */,
				10FE60D0288855C70043D8F6 /* bannerimg2.png */,
				10FE60CD288855C70043D8F6 /* bannerimg3.png */,
				10FE60CF288855C70043D8F6 /* bannerimg4.jpeg */,
			);
			path = img;
			sourceTree = "<group>";
		};
/* End PBXGroup section */

/* Begin PBXNativeTarget section */
		1000269D2886F1BD002BEE01 /* FrontTest */ = {
			isa = PBXNativeTarget;
			buildConfigurationList = 100026B22886F1C0002BEE01 /* Build configuration list for PBXNativeTarget "FrontTest" */;
			buildPhases = (
				1000269A2886F1BD002BEE01 /* Sources */,
				1000269B2886F1BD002BEE01 /* Frameworks */,
				1000269C2886F1BD002BEE01 /* Resources */,
			);
			buildRules = (
			);
			dependencies = (
			);
			name = FrontTest;
			productName = FrontTest;
			productReference = 1000269E2886F1BD002BEE01 /* FrontTest.app */;
			productType = "com.apple.product-type.application";
		};
/* End PBXNativeTarget section */

/* Begin PBXProject section */
		100026962886F1BD002BEE01 /* Project object */ = {
			isa = PBXProject;
			attributes = {
				BuildIndependentTargetsInParallel = 1;
				LastSwiftUpdateCheck = 1340;
				LastUpgradeCheck = 1340;
				TargetAttributes = {
					1000269D2886F1BD002BEE01 = {
						CreatedOnToolsVersion = 13.4.1;
					};
				};
			};
			buildConfigurationList = 100026992886F1BD002BEE01 /* Build configuration list for PBXProject "FrontTest" */;
			compatibilityVersion = "Xcode 13.0";
			developmentRegion = en;
			hasScannedForEncodings = 0;
			knownRegions = (
				en,
				Base,
			);
			mainGroup = 100026952886F1BD002BEE01;
			productRefGroup = 1000269F2886F1BD002BEE01 /* Products */;
			projectDirPath = "";
			projectRoot = "";
			targets = (
				1000269D2886F1BD002BEE01 /* FrontTest */,
			);
		};
/* End PBXProject section */

/* Begin PBXResourcesBuildPhase section */
		1000269C2886F1BD002BEE01 /* Resources */ = {
			isa = PBXResourcesBuildPhase;
			buildActionMask = 2147483647;
			files = (
				10FE60D4288855C70043D8F6 /* bannerimg2.png in Resources */,
				10FE60D2288855C70043D8F6 /* bannerimg1.jpeg in Resources */,
				100026AE2886F1C0002BEE01 /* LaunchScreen.storyboard in Resources */,
				10FE60D3288855C70043D8F6 /* bannerimg4.jpeg in Resources */,
				100026AB2886F1C0002BEE01 /* Assets.xcassets in Resources */,
				100026A92886F1BD002BEE01 /* Main.storyboard in Resources */,
				10FE60D1288855C70043D8F6 /* bannerimg3.png in Resources */,
			);
			runOnlyForDeploymentPostprocessing = 0;
		};
/* End PBXResourcesBuildPhase section */

/* Begin PBXSourcesBuildPhase section */
		1000269A2886F1BD002BEE01 /* Sources */ = {
			isa = PBXSourcesBuildPhase;
			buildActionMask = 2147483647;
			files = (
				100026A62886F1BD002BEE01 /* ViewController.swift in Sources */,
				10569FA0288854C000A525BC /* BannerCell.swift in Sources */,
				100026A22886F1BD002BEE01 /* AppDelegate.swift in Sources */,
				100026A42886F1BD002BEE01 /* SceneDelegate.swift in Sources */,
			);
			runOnlyForDeploymentPostprocessing = 0;
		};
/* End PBXSourcesBuildPhase section */

/* Begin PBXVariantGroup section */
		100026A72886F1BD002BEE01 /* Main.storyboard */ = {
			isa = PBXVariantGroup;
			children = (
				100026A82886F1BD002BEE01 /* Base */,
			);
			name = Main.storyboard;
			sourceTree = "<group>";
		};
		100026AC2886F1C0002BEE01 /* LaunchScreen.storyboard */ = {
			isa = PBXVariantGroup;
			children = (
				100026AD2886F1C0002BEE01 /* Base */,
			);
			name = LaunchScreen.storyboard;
			sourceTree = "<group>";
		};
/* End PBXVariantGroup section */

/* Begin XCBuildConfiguration section */
		100026B02886F1C0002BEE01 /* Debug */ = {
			isa = XCBuildConfiguration;
			buildSettings = {
				ALWAYS_SEARCH_USER_PATHS = NO;
				CLANG_ANALYZER_NONNULL = YES;
				CLANG_ANALYZER_NUMBER_OBJECT_CONVERSION = YES_AGGRESSIVE;
				CLANG_CXX_LANGUAGE_STANDARD = "gnu++17";
				CLANG_ENABLE_MODULES = YES;
				CLANG_ENABLE_OBJC_ARC = YES;
				CLANG_ENABLE_OBJC_WEAK = YES;
				CLANG_WARN_BLOCK_CAPTURE_AUTORELEASING = YES;
				CLANG_WARN_BOOL_CONVERSION = YES;
				CLANG_WARN_COMMA = YES;
				CLANG_WARN_CONSTANT_CONVERSION = YES;
				CLANG_WARN_DEPRECATED_OBJC_IMPLEMENTATIONS = YES;
				CLANG_WARN_DIRECT_OBJC_ISA_USAGE = YES_ERROR;
				CLANG_WARN_DOCUMENTATION_COMMENTS = YES;
				CLANG_WARN_EMPTY_BODY = YES;
				CLANG_WARN_ENUM_CONVERSION = YES;
				CLANG_WARN_INFINITE_RECURSION = YES;
				CLANG_WARN_INT_CONVERSION = YES;
				CLANG_WARN_NON_LITERAL_NULL_CONVERSION = YES;
				CLANG_WARN_OBJC_IMPLICIT_RETAIN_SELF = YES;
				CLANG_WARN_OBJC_LITERAL_CONVERSION = YES;
				CLANG_WARN_OBJC_ROOT_CLASS = YES_ERROR;
				CLANG_WARN_QUOTED_INCLUDE_IN_FRAMEWORK_HEADER = YES;
				CLANG_WARN_RANGE_LOOP_ANALYSIS = YES;
				CLANG_WARN_STRICT_PROTOTYPES = YES;
				CLANG_WARN_SUSPICIOUS_MOVE = YES;
				CLANG_WARN_UNGUARDED_AVAILABILITY = YES_AGGRESSIVE;
				CLANG_WARN_UNREACHABLE_CODE = YES;
				CLANG_WARN__DUPLICATE_METHOD_MATCH = YES;
				COPY_PHASE_STRIP = NO;
				DEBUG_INFORMATION_FORMAT = dwarf;
				ENABLE_STRICT_OBJC_MSGSEND = YES;
				ENABLE_TESTABILITY = YES;
				GCC_C_LANGUAGE_STANDARD = gnu11;
				GCC_DYNAMIC_NO_PIC = NO;
				GCC_NO_COMMON_BLOCKS = YES;
				GCC_OPTIMIZATION_LEVEL = 0;
				GCC_PREPROCESSOR_DEFINITIONS = (
					"DEBUG=1",
					"$(inherited)",
				);
				GCC_WARN_64_TO_32_BIT_CONVERSION = YES;
				GCC_WARN_ABOUT_RETURN_TYPE = YES_ERROR;
				GCC_WARN_UNDECLARED_SELECTOR = YES;
				GCC_WARN_UNINITIALIZED_AUTOS = YES_AGGRESSIVE;
				GCC_WARN_UNUSED_FUNCTION = YES;
				GCC_WARN_UNUSED_VARIABLE = YES;
				IPHONEOS_DEPLOYMENT_TARGET = 15.5;
				MTL_ENABLE_DEBUG_INFO = INCLUDE_SOURCE;
				MTL_FAST_MATH = YES;
				ONLY_ACTIVE_ARCH = YES;
				SDKROOT = iphoneos;
				SWIFT_ACTIVE_COMPILATION_CONDITIONS = DEBUG;
				SWIFT_OPTIMIZATION_LEVEL = "-Onone";
			};
			name = Debug;
		};
		100026B12886F1C0002BEE01 /* Release */ = {
			isa = XCBuildConfiguration;
			buildSettings = {
				ALWAYS_SEARCH_USER_PATHS = NO;
				CLANG_ANALYZER_NONNULL = YES;
				CLANG_ANALYZER_NUMBER_OBJECT_CONVERSION = YES_AGGRESSIVE;
				CLANG_CXX_LANGUAGE_STANDARD = "gnu++17";
				CLANG_ENABLE_MODULES = YES;
				CLANG_ENABLE_OBJC_ARC = YES;
				CLANG_ENABLE_OBJC_WEAK = YES;
				CLANG_WARN_BLOCK_CAPTURE_AUTORELEASING = YES;
				CLANG_WARN_BOOL_CONVERSION = YES;
				CLANG_WARN_COMMA = YES;
				CLANG_WARN_CONSTANT_CONVERSION = YES;
				CLANG_WARN_DEPRECATED_OBJC_IMPLEMENTATIONS = YES;
				CLANG_WARN_DIRECT_OBJC_ISA_USAGE = YES_ERROR;
				CLANG_WARN_DOCUMENTATION_COMMENTS = YES;
				CLANG_WARN_EMPTY_BODY = YES;
				CLANG_WARN_ENUM_CONVERSION = YES;
				CLANG_WARN_INFINITE_RECURSION = YES;
				CLANG_WARN_INT_CONVERSION = YES;
				CLANG_WARN_NON_LITERAL_NULL_CONVERSION = YES;
				CLANG_WARN_OBJC_IMPLICIT_RETAIN_SELF = YES;
				CLANG_WARN_OBJC_LITERAL_CONVERSION = YES;
				CLANG_WARN_OBJC_ROOT_CLASS = YES_ERROR;
				CLANG_WARN_QUOTED_INCLUDE_IN_FRAMEWORK_HEADER = YES;
				CLANG_WARN_RANGE_LOOP_ANALYSIS = YES;
				CLANG_WARN_STRICT_PROTOTYPES = YES;
				CLANG_WARN_SUSPICIOUS_MOVE = YES;
				CLANG_WARN_UNGUARDED_AVAILABILITY = YES_AGGRESSIVE;
				CLANG_WARN_UNREACHABLE_CODE = YES;
				CLANG_WARN__DUPLICATE_METHOD_MATCH = YES;
				COPY_PHASE_STRIP = NO;
				DEBUG_INFORMATION_FORMAT = "dwarf-with-dsym";
				ENABLE_NS_ASSERTIONS = NO;
				ENABLE_STRICT_OBJC_MSGSEND = YES;
				GCC_C_LANGUAGE_STANDARD = gnu11;
				GCC_NO_COMMON_BLOCKS = YES;
				GCC_WARN_64_TO_32_BIT_CONVERSION = YES;
				GCC_WARN_ABOUT_RETURN_TYPE = YES_ERROR;
				GCC_WARN_UNDECLARED_SELECTOR = YES;
				GCC_WARN_UNINITIALIZED_AUTOS = YES_AGGRESSIVE;
				GCC_WARN_UNUSED_FUNCTION = YES;
				GCC_WARN_UNUSED_VARIABLE = YES;
				IPHONEOS_DEPLOYMENT_TARGET = 15.5;
				MTL_ENABLE_DEBUG_INFO = NO;
				MTL_FAST_MATH = YES;
				SDKROOT = iphoneos;
				SWIFT_COMPILATION_MODE = wholemodule;
				SWIFT_OPTIMIZATION_LEVEL = "-O";
				VALIDATE_PRODUCT = YES;
			};
			name = Release;
		};
		100026B32886F1C0002BEE01 /* Debug */ = {
			isa = XCBuildConfiguration;
			buildSettings = {
				ASSETCATALOG_COMPILER_APPICON_NAME = AppIcon;
				ASSETCATALOG_COMPILER_GLOBAL_ACCENT_COLOR_NAME = AccentColor;
				CODE_SIGN_STYLE = Automatic;
				CURRENT_PROJECT_VERSION = 1;
				DEVELOPMENT_TEAM = 7425535F6V;
				GENERATE_INFOPLIST_FILE = YES;
				INFOPLIST_FILE = FrontTest/Info.plist;
				INFOPLIST_KEY_UIApplicationSupportsIndirectInputEvents = YES;
				INFOPLIST_KEY_UILaunchStoryboardName = LaunchScreen;
				INFOPLIST_KEY_UIMainStoryboardFile = Main;
				INFOPLIST_KEY_UISupportedInterfaceOrientations_iPad = "UIInterfaceOrientationPortrait UIInterfaceOrientationPortraitUpsideDown UIInterfaceOrientationLandscapeLeft UIInterfaceOrientationLandscapeRight";
				INFOPLIST_KEY_UISupportedInterfaceOrientations_iPhone = "UIInterfaceOrientationPortrait UIInterfaceOrientationLandscapeLeft UIInterfaceOrientationLandscapeRight";
				LD_RUNPATH_SEARCH_PATHS = (
					"$(inherited)",
					"@executable_path/Frameworks",
				);
				MARKETING_VERSION = 1.0;
				PRODUCT_BUNDLE_IDENTIFIER = com.hong.FrontTest;
				PRODUCT_NAME = "$(TARGET_NAME)";
				SWIFT_EMIT_LOC_STRINGS = YES;
				SWIFT_VERSION = 5.0;
				TARGETED_DEVICE_FAMILY = "1,2";
			};
			name = Debug;
		};
		100026B42886F1C0002BEE01 /* Release */ = {
			isa = XCBuildConfiguration;
			buildSettings = {
				ASSETCATALOG_COMPILER_APPICON_NAME = AppIcon;
				ASSETCATALOG_COMPILER_GLOBAL_ACCENT_COLOR_NAME = AccentColor;
				CODE_SIGN_STYLE = Automatic;
				CURRENT_PROJECT_VERSION = 1;
				DEVELOPMENT_TEAM = 7425535F6V;
				GENERATE_INFOPLIST_FILE = YES;
				INFOPLIST_FILE = FrontTest/Info.plist;
				INFOPLIST_KEY_UIApplicationSupportsIndirectInputEvents = YES;
				INFOPLIST_KEY_UILaunchStoryboardName = LaunchScreen;
				INFOPLIST_KEY_UIMainStoryboardFile = Main;
				INFOPLIST_KEY_UISupportedInterfaceOrientations_iPad = "UIInterfaceOrientationPortrait UIInterfaceOrientationPortraitUpsideDown UIInterfaceOrientationLandscapeLeft UIInterfaceOrientationLandscapeRight";
				INFOPLIST_KEY_UISupportedInterfaceOrientations_iPhone = "UIInterfaceOrientationPortrait UIInterfaceOrientationLandscapeLeft UIInterfaceOrientationLandscapeRight";
				LD_RUNPATH_SEARCH_PATHS = (
					"$(inherited)",
					"@executable_path/Frameworks",
				);
				MARKETING_VERSION = 1.0;
				PRODUCT_BUNDLE_IDENTIFIER = com.hong.FrontTest;
				PRODUCT_NAME = "$(TARGET_NAME)";
				SWIFT_EMIT_LOC_STRINGS = YES;
				SWIFT_VERSION = 5.0;
				TARGETED_DEVICE_FAMILY = "1,2";
			};
			name = Release;
		};
/* End XCBuildConfiguration section */

/* Begin XCConfigurationList section */
		100026992886F1BD002BEE01 /* Build configuration list for PBXProject "FrontTest" */ = {
			isa = XCConfigurationList;
			buildConfigurations = (
				100026B02886F1C0002BEE01 /* Debug */,
				100026B12886F1C0002BEE01 /* Release */,
			);
			defaultConfigurationIsVisible = 0;
			defaultConfigurationName = Release;
		};
		100026B22886F1C0002BEE01 /* Build configuration list for PBXNativeTarget "FrontTest" */ = {
			isa = XCConfigurationList;
			buildConfigurations = (
				100026B32886F1C0002BEE01 /* Debug */,
				100026B42886F1C0002BEE01 /* Release */,
			);
			defaultConfigurationIsVisible = 0;
			defaultConfigurationName = Release;
		};
/* End XCConfigurationList section */
	};
	rootObject = 100026962886F1BD002BEE01 /* Project object */;
}
